BONSAI_FLUTTER_VERSION='0.1.0~dev'
BONSAI_FLUTTER_SOURCE_REVISION='509fd91297d186ea56f7c4a9025920c395b2907a'
BONSAI_FLUTTER_SOURCE_SHA256='3419b9c73be37478a190263f415083b311177dd5afdaa502cc0447b11942c919'
SDK_ABI_VERSION='3'
SDK_BUILD_RECIPE_REVISION='4'
SDK_RUNTIME_PACKAGE_VERSION='0.1.0~dev.5'
SDK_PACKAGE_VERSION='0.1.0~dev.35'
DEFAULT_REPOSITORY_URL='https://github.com/ocaml/opam-repository.git'
DEFAULT_REPOSITORY_COMMIT='9fdd0666a192f1896963cf446f37f0c691bbd3db'
