BONSAI_FLUTTER_VERSION='0.1.0~dev'
BONSAI_FLUTTER_SOURCE_REVISION='87383e652b944851a5e303960521ada64b7b238b'
BONSAI_FLUTTER_SOURCE_SHA256='729783cae0d14478021b500a3fe01b3644c4f57640759f87119c2605b15a9f7d'
SDK_ABI_VERSION='2'
SDK_BUILD_RECIPE_REVISION='3'
SDK_RUNTIME_PACKAGE_VERSION='0.1.0~dev.2'
SDK_PACKAGE_VERSION='0.1.0~dev.26'
DEFAULT_REPOSITORY_URL='https://github.com/ocaml/opam-repository.git'
DEFAULT_REPOSITORY_COMMIT='9fdd0666a192f1896963cf446f37f0c691bbd3db'
