BONSAI_FLUTTER_VERSION='0.1.0~dev'
BONSAI_FLUTTER_SOURCE_REVISION='f60cb0e8a7fefe87d902269e37b4c2680b115c88'
BONSAI_FLUTTER_SOURCE_SHA256='18d0c896c34fefdf70d7edd4b5786909c9b1c36e5083f1fd692def43700caa9b'
SDK_ABI_VERSION='2'
SDK_BUILD_RECIPE_REVISION='3'
SDK_RUNTIME_PACKAGE_VERSION='0.1.0~dev.1'
SDK_PACKAGE_VERSION='0.1.0~dev.17'
DEFAULT_REPOSITORY_URL='https://github.com/ocaml/opam-repository.git'
DEFAULT_REPOSITORY_COMMIT='9fdd0666a192f1896963cf446f37f0c691bbd3db'
